
Microsoft Visual Studio Solution File, Format Version 12.00
# Visual Studio Version 17
VisualStudioVersion = 17.2.32519.379
MinimumVisualStudioVersion = 10.0.40219.1
Project("{FAE04EC0-301F-11D3-BF4B-00C04F79EFBC}") = "Test07jun", "Test07jun.csproj", "{F596023C-8244-46F1-A266-0D659B6C0B25}"
EndProject
Global
	GlobalSection(SolutionConfigurationPlatforms) = preSolution
		Debug|Any CPU = Debug|Any CPU
		Release|Any CPU = Release|Any CPU
	EndGlobalSection
	GlobalSection(ProjectConfigurationPlatforms) = postSolution
		{F596023C-8244-46F1-A266-0D659B6C0B25}.Debug|Any CPU.ActiveCfg = Debug|Any CPU
		{F596023C-8244-46F1-A266-0D659B6C0B25}.Debug|Any CPU.Build.0 = Debug|Any CPU
		{F596023C-8244-46F1-A266-0D659B6C0B25}.Release|Any CPU.ActiveCfg = Release|Any CPU
		{F596023C-8244-46F1-A266-0D659B6C0B25}.Release|Any CPU.Build.0 = Release|Any CPU
	EndGlobalSection
	GlobalSection(SolutionProperties) = preSolution
		HideSolutionNode = FALSE
	EndGlobalSection
	GlobalSection(ExtensibilityGlobals) = postSolution
		SolutionGuid = {E62346C0-A7F1-45FE-9D2D-7E6C7D07C1DE}
	EndGlobalSection
EndGlobal
